# This file is automatically @generated by Poetry and should not be changed by hand.

[[package]]
name = "aiodns"
version = "1.1.1"
description = "Simple DNS resolver for asyncio"
category = "main"
optional = false
python-versions = "*"
files = [
    {file = "aiodns-1.1.1-py2.py3-none-any.whl", hash = "sha256:99d0652f2c02f73bfa646bf44af82705260a523014576647d7959e664830b26b"},
    {file = "aiodns-1.1.1.tar.gz", hash = "sha256:d8677adc679ce8d0ef706c14d9c3d2f27a0e0cc11d59730cdbaf218ad52dd9ea"},
]

[package.dependencies]
pycares = ">=1.0.0"

[[package]]
name = "appdirs"
version = "1.4.3"
description = "A small Python module for determining appropriate platform-specific dirs, e.g. a \"user data dir\"."
category = "dev"
optional = false
python-versions = "*"
files = [
    {file = "appdirs-1.4.3-py2.py3-none-any.whl", hash = "sha256:d8b24664561d0d34ddfaec54636d502d7cea6e29c3eaf68f3df6180863e2166e"},
    {file = "appdirs-1.4.3.tar.gz", hash = "sha256:9e5896d1372858f8dd3344faf4e5014d21849c756c8d5701f78f8a103b372d92"},
]

[[package]]
name = "async-generator"
version = "1.10"
description = "Async generators and context managers for Python 3.5+"
category = "main"
optional = false
python-versions = ">=3.5"
files = [
    {file = "async_generator-1.10-py3-none-any.whl", hash = "sha256:01c7bf666359b4967d2cda0000cc2e4af16a0ae098cbffcb8472fb9e8ad6585b"},
    {file = "async_generator-1.10.tar.gz", hash = "sha256:6ebb3d106c12920aaae42ccb6f787ef5eefdcdd166ea3d628fa8476abe712144"},
]

[[package]]
name = "atomicwrites"
version = "1.2.1"
description = "Atomic file writes."
category = "dev"
optional = false
python-versions = ">=2.7, !=3.0.*, !=3.1.*, !=3.2.*, !=3.3.*"
files = [
    {file = "atomicwrites-1.2.1-py2.py3-none-any.whl", hash = "sha256:0312ad34fcad8fac3704d441f7b317e50af620823353ec657a53e981f92920c0"},
    {file = "atomicwrites-1.2.1.tar.gz", hash = "sha256:ec9ae8adaae229e4f8446952d204a3e4b5fdd2d099f9be3aaf556120135fb3ee"},
]

[[package]]
name = "attrs"
version = "18.2.0"
description = "Classes Without Boilerplate"
category = "main"
optional = false
python-versions = "*"
files = [
    {file = "attrs-18.2.0-py2.py3-none-any.whl", hash = "sha256:ca4be454458f9dec299268d472aaa5a11f67a4ff70093396e1ceae9c76cf4bbb"},
    {file = "attrs-18.2.0.tar.gz", hash = "sha256:10cbf6e27dbce8c30807caf056c8eb50917e0eaafe86347671b57254006c3e69"},
]

[package.extras]
dev = ["coverage", "hypothesis", "pre-commit", "pympler", "pytest", "six", "sphinx", "zope.interface", "zope.interface"]
docs = ["sphinx", "zope.interface"]
tests = ["coverage", "hypothesis", "pympler", "pytest", "six", "zope.interface"]

[[package]]
name = "black"
version = "18.9b0"
description = "The uncompromising code formatter."
category = "dev"
optional = false
python-versions = ">=3.6"
files = [
    {file = "black-18.9b0-py36-none-any.whl", hash = "sha256:817243426042db1d36617910df579a54f1afd659adb96fc5032fcf4b36209739"},
    {file = "black-18.9b0.tar.gz", hash = "sha256:e030a9a28f542debc08acceb273f228ac422798e5215ba2a791a6ddeaaca22a5"},
]

[package.dependencies]
appdirs = "*"
attrs = ">=17.4.0"
click = ">=6.5"
toml = ">=0.9.4"

[package.extras]
d = ["aiohttp (>=3.3.2)"]

[[package]]
name = "certifi"
version = "2021.5.30"
description = "Python package for providing Mozilla's CA Bundle."
category = "main"
optional = false
python-versions = "*"
files = [
    {file = "certifi-2021.5.30-py2.py3-none-any.whl", hash = "sha256:50b1e4f8446b06f41be7dd6338db18e0990601dce795c2b1686458aa7e8fa7d8"},
    {file = "certifi-2021.5.30.tar.gz", hash = "sha256:2bbf76fd432960138b3ef6dda3dde0544f27cbf8546c458e60baf371917ba9ee"},
]

[[package]]
name = "click"
version = "7.0"
description = "Composable command line interface toolkit"
category = "main"
optional = false
python-versions = ">=2.7, !=3.0.*, !=3.1.*, !=3.2.*, !=3.3.*"
files = [
    {file = "Click-7.0-py2.py3-none-any.whl", hash = "sha256:2335065e6395b9e67ca716de5f7526736bfa6ceead690adf616d925bdc622b13"},
    {file = "Click-7.0.tar.gz", hash = "sha256:5b94b49521f6456670fdb30cd82a4eca9412788a93fa6dd6df72c94d5a8ff2d7"},
]

[[package]]
name = "colorama"
version = "0.4.0"
description = "Cross-platform colored terminal text."
category = "dev"
optional = false
python-versions = ">=2.7, !=3.0.*, !=3.1.*, !=3.2.*, !=3.3.*"
files = [
    {file = "colorama-0.4.0-py2.py3-none-any.whl", hash = "sha256:a3d89af5db9e9806a779a50296b5fdb466e281147c2c235e8225ecc6dbf7bbf3"},
    {file = "colorama-0.4.0.zip", hash = "sha256:c9b54bebe91a6a803e0772c8561d53f2926bfeb17cd141fbabcb08424086595c"},
]

[[package]]
name = "contextvars"
version = "2.4"
description = "PEP 567 Backport"
category = "main"
optional = false
python-versions = "*"
files = [
    {file = "contextvars-2.4.tar.gz", hash = "sha256:f38c908aaa59c14335eeea12abea5f443646216c4e29380d7bf34d2018e2c39e"},
]

[package.dependencies]
immutables = ">=0.9"

[[package]]
name = "h11"
version = "0.12.0"
description = "A pure-Python, bring-your-own-I/O implementation of HTTP/1.1"
category = "main"
optional = false
python-versions = ">=3.6"
files = [
    {file = "h11-0.12.0-py3-none-any.whl", hash = "sha256:36a3cb8c0a032f56e2da7084577878a035d3b61d104230d4bd49c0c6b555a9c6"},
    {file = "h11-0.12.0.tar.gz", hash = "sha256:47222cb6067e4a307d535814917cd98fd0a57b6788ce715755fa2b6c28b56042"},
]

[[package]]
name = "httpcore"
version = "0.13.3"
description = "A minimal low-level HTTP client."
category = "main"
optional = false
python-versions = ">=3.6"
files = [
    {file = "httpcore-0.13.3-py3-none-any.whl", hash = "sha256:ff614f0ef875b9e5fe0bdd459b31ea0eea282ff12dc82add83d68b3811ee94ad"},
    {file = "httpcore-0.13.3.tar.gz", hash = "sha256:5d674b57a11275904d4fd0819ca02f960c538e4472533620f322fc7db1ea0edc"},
]

[package.dependencies]
h11 = ">=0.11,<0.13"
sniffio = ">=1.0.0,<2.0.0"

[package.extras]
http2 = ["h2 (>=3,<5)"]

[[package]]
name = "httpx"
version = "0.18.2"
description = "The next generation HTTP client."
category = "main"
optional = false
python-versions = ">=3.6"
files = [
    {file = "httpx-0.18.2-py3-none-any.whl", hash = "sha256:979afafecb7d22a1d10340bafb403cf2cb75aff214426ff206521fc79d26408c"},
    {file = "httpx-0.18.2.tar.gz", hash = "sha256:9f99c15d33642d38bce8405df088c1c4cfd940284b4290cacbfb02e64f4877c6"},
]

[package.dependencies]
async-generator = {version = "*", markers = "python_version < \"3.7\""}
certifi = "*"
httpcore = ">=0.13.3,<0.14.0"
rfc3986 = {version = ">=1.3,<2", extras = ["idna2008"]}
sniffio = "*"

[package.extras]
brotli = ["brotlicffi (>=1.0.0,<2.0.0)"]
http2 = ["h2 (>=3.0.0,<4.0.0)"]

[[package]]
name = "idna"
version = "3.2"
description = "Internationalized Domain Names in Applications (IDNA)"
category = "main"
optional = false
python-versions = ">=3.5"
files = [
    {file = "idna-3.2-py3-none-any.whl", hash = "sha256:14475042e284991034cb48e06f6851428fb14c4dc953acd9be9a5e95c7b6dd7a"},
    {file = "idna-3.2.tar.gz", hash = "sha256:467fbad99067910785144ce333826c71fb0e63a425657295239737f7ecd125f3"},
]

[[package]]
name = "immutables"
version = "0.15"
description = "Immutable Collections"
category = "main"
optional = false
python-versions = ">=3.5"
files = [
    {file = "immutables-0.15-cp35-cp35m-macosx_10_14_x86_64.whl", hash = "sha256:6728f4392e3e8e64b593a5a0cd910a1278f07f879795517e09f308daed138631"},
    {file = "immutables-0.15-cp35-cp35m-manylinux1_x86_64.whl", hash = "sha256:f0836cd3bdc37c8a77b192bbe5f41dbcc3ce654db048ebbba89bdfe6db7a1c7a"},
    {file = "immutables-0.15-cp36-cp36m-macosx_10_14_x86_64.whl", hash = "sha256:8703d8abfd8687932f2a05f38e7de270c3a6ca3bd1c1efb3c938656b3f2f985a"},
    {file = "immutables-0.15-cp36-cp36m-manylinux1_x86_64.whl", hash = "sha256:b8ad986f9b532c026f19585289384b0769188fcb68b37c7f0bd0df9092a6ca54"},
    {file = "immutables-0.15-cp36-cp36m-win_amd64.whl", hash = "sha256:6f117d9206165b9dab8fd81c5129db757d1a044953f438654236ed9a7a4224ae"},
    {file = "immutables-0.15-cp37-cp37m-macosx_10_14_x86_64.whl", hash = "sha256:b75ade826920c4e490b1bb14cf967ac14e61eb7c5562161c5d7337d61962c226"},
    {file = "immutables-0.15-cp37-cp37m-manylinux1_x86_64.whl", hash = "sha256:b7e13c061785e34f73c4f659861f1b3e4a5fd918e4395c84b21c4e3d449ebe27"},
    {file = "immutables-0.15-cp37-cp37m-win_amd64.whl", hash = "sha256:3035849accee4f4e510ed7c94366a40e0f5fef9069fbe04a35f4787b13610a4a"},
    {file = "immutables-0.15-cp38-cp38-macosx_10_14_x86_64.whl", hash = "sha256:b04fa69174e0c8f815f9c55f2a43fc9e5a68452fab459a08e904a74e8471639f"},
    {file = "immutables-0.15-cp38-cp38-manylinux1_x86_64.whl", hash = "sha256:141c2e9ea515a3a815007a429f0b47a578ebeb42c831edaec882a245a35fffca"},
    {file = "immutables-0.15-cp38-cp38-win_amd64.whl", hash = "sha256:cbe8c64640637faa5535d539421b293327f119c31507c33ca880bd4f16035eb6"},
    {file = "immutables-0.15-cp39-cp39-macosx_10_14_x86_64.whl", hash = "sha256:a0a4e4417d5ef4812d7f99470cd39347b58cb927365dd2b8da9161040d260db0"},
    {file = "immutables-0.15-cp39-cp39-manylinux1_x86_64.whl", hash = "sha256:3b15c08c71c59e5b7c2470ef949d49ff9f4263bb77f488422eaa157da84d6999"},
    {file = "immutables-0.15-cp39-cp39-win_amd64.whl", hash = "sha256:2283a93c151566e6830aee0e5bee55fc273455503b43aa004356b50f9182092b"},
    {file = "immutables-0.15.tar.gz", hash = "sha256:3713ab1ebbb6946b7ce1387bb9d1d7f5e09c45add58c2a2ee65f963c171e746b"},
]

[package.extras]
test = ["flake8 (>=3.8.4,<3.9.0)", "pycodestyle (>=2.6.0,<2.7.0)"]

[[package]]
name = "lxml"
version = "4.2.5"
description = "Powerful and Pythonic XML processing library combining libxml2/libxslt with the ElementTree API."
category = "main"
optional = false
python-versions = "*"
files = [
    {file = "lxml-4.2.5-cp27-cp27m-macosx_10_6_intel.macosx_10_9_intel.macosx_10_9_x86_64.macosx_10_10_intel.macosx_10_10_x86_64.whl", hash = "sha256:fa39ea60d527fbdd94215b5e5552f1c6a912624521093f1384a491a8ad89ad8b"},
    {file = "lxml-4.2.5-cp27-cp27m-manylinux1_i686.whl", hash = "sha256:ae07fa0c115733fce1e9da96a3ac3fa24801742ca17e917e0c79d63a01eeb843"},
    {file = "lxml-4.2.5-cp27-cp27m-manylinux1_x86_64.whl", hash = "sha256:caf0e50b546bb60dfa99bb18dfa6748458a83131ecdceaf5c071d74907e7e78a"},
    {file = "lxml-4.2.5-cp27-cp27m-win32.whl", hash = "sha256:4815892904c336bbaf73dafd54f45f69f4021c22b5bad7332176bbf4fb830568"},
    {file = "lxml-4.2.5-cp27-cp27m-win_amd64.whl", hash = "sha256:81992565b74332c7c1aff6a913a3e906771aa81c9d0c68c68113cffcae45bc53"},
    {file = "lxml-4.2.5-cp27-cp27mu-manylinux1_i686.whl", hash = "sha256:abf181934ac3ef193832fb973fd7f6149b5c531903c2ec0f1220941d73eee601"},
    {file = "lxml-4.2.5-cp27-cp27mu-manylinux1_x86_64.whl", hash = "sha256:62939a8bb6758d1bf923aa1c13f0bcfa9bf5b2fc0f5fa917a6e25db5fe0cfa4e"},
    {file = "lxml-4.2.5-cp33-cp33m-win32.whl", hash = "sha256:02bc220d61f46e9b9d5a53c361ef95e9f5e1d27171cd461dddb17677ae2289a5"},
    {file = "lxml-4.2.5-cp33-cp33m-win_amd64.whl", hash = "sha256:bccb267678b870d9782c3b44d0cefe3ba0e329f9af8c946d32bf3778e7a4f271"},
    {file = "lxml-4.2.5-cp34-cp34m-macosx_10_6_intel.macosx_10_9_intel.macosx_10_9_x86_64.macosx_10_10_intel.macosx_10_10_x86_64.whl", hash = "sha256:2f31145c7ff665b330919bfa44aacd3a0211a76ca7e7b441039d2a0b0451e415"},
    {file = "lxml-4.2.5-cp34-cp34m-manylinux1_i686.whl", hash = "sha256:aab09fbe8abfa3b9ce62aaf45aca2d28726b1b9ee44871dbe644050a2fff4940"},
    {file = "lxml-4.2.5-cp34-cp34m-manylinux1_x86_64.whl", hash = "sha256:b9c78242219f674ab645ec571c9a95d70f381319a23911941cd2358a8e0521cf"},
    {file = "lxml-4.2.5-cp34-cp34m-win32.whl", hash = "sha256:a623965c086a6e91bb703d4da62dabe59fe88888e82c4117d544e11fd74835d6"},
    {file = "lxml-4.2.5-cp34-cp34m-win_amd64.whl", hash = "sha256:9d862e3cf4fc1f2837dedce9c42269c8c76d027e49820a548ac89fdcee1e361f"},
    {file = "lxml-4.2.5-cp35-cp35m-macosx_10_6_intel.macosx_10_9_intel.macosx_10_9_x86_64.macosx_10_10_intel.macosx_10_10_x86_64.whl", hash = "sha256:5be031b0f15ad63910d8e5038b489d95a79929513b3634ad4babf77100602588"},
    {file = "lxml-4.2.5-cp35-cp35m-manylinux1_i686.whl", hash = "sha256:75830c06a62fe7b8fe3bbb5f269f0b308f19f3949ac81cfd40062f47c1455faf"},
    {file = "lxml-4.2.5-cp35-cp35m-manylinux1_x86_64.whl", hash = "sha256:a7783ab7f6a508b0510490cef9f857b763d796ba7476d9703f89722928d1e113"},
    {file = "lxml-4.2.5-cp35-cp35m-win32.whl", hash = "sha256:e16e07a0ec3a75b5ee61f2b1003c35696738f937dc8148fbda9fe2147ccb6e61"},
    {file = "lxml-4.2.5-cp35-cp35m-win_amd64.whl", hash = "sha256:438a1b0203545521f6616132bfe0f4bca86f8a401364008b30e2b26ec408ce85"},
    {file = "lxml-4.2.5-cp36-cp36m-macosx_10_6_intel.macosx_10_9_intel.macosx_10_9_x86_64.macosx_10_10_intel.macosx_10_10_x86_64.whl", hash = "sha256:8c892fb0ee52c594d9a7751c7d7356056a9682674b92cc1c4dc968ff0f30c52f"},
    {file = "lxml-4.2.5-cp36-cp36m-manylinux1_i686.whl", hash = "sha256:c4df4d27f4c93b2cef74579f00b1d3a31a929c7d8023f870c4b476f03a274db4"},
    {file = "lxml-4.2.5-cp36-cp36m-manylinux1_x86_64.whl", hash = "sha256:22f253b542a342755f6cfc047fe4d3a296515cf9b542bc6e261af45a80b8caf6"},
    {file = "lxml-4.2.5-cp36-cp36m-win32.whl", hash = "sha256:e175a006725c7faadbe69e791877d09936c0ef2cf49d01b60a6c1efcb0e8be6f"},
    {file = "lxml-4.2.5-cp36-cp36m-win_amd64.whl", hash = "sha256:edd9c13a97f6550f9da2236126bb51c092b3b1ce6187f2bd966533ad794bbb5e"},
    {file = "lxml-4.2.5-cp37-cp37m-macosx_10_6_intel.macosx_10_9_intel.macosx_10_9_x86_64.macosx_10_10_intel.macosx_10_10_x86_64.whl", hash = "sha256:dbbd5cf7690a40a9f0a9325ab480d0fccf46d16b378eefc08e195d84299bfae1"},
    {file = "lxml-4.2.5-cp37-cp37m-manylinux1_i686.whl", hash = "sha256:db0d213987bcd4e6d41710fb4532b22315b0d8fb439ff901782234456556aed1"},
    {file = "lxml-4.2.5-cp37-cp37m-manylinux1_x86_64.whl", hash = "sha256:60842230678674cdac4a1cf0f707ef12d75b9a4fc4a565add4f710b5fcf185d5"},
    {file = "lxml-4.2.5-cp37-cp37m-win32.whl", hash = "sha256:5c93ae37c3c588e829b037fdfbd64a6e40c901d3f93f7beed6d724c44829a3ad"},
    {file = "lxml-4.2.5-cp37-cp37m-win_amd64.whl", hash = "sha256:d3266bd3ac59ac4edcd5fa75165dee80b94a3e5c91049df5f7c057ccf097551c"},
    {file = "lxml-4.2.5.tar.gz", hash = "sha256:36720698c29e7a9626a0dc802ef8885f8f0239bfd1689628ecd459a061f2807f"},
]

[package.extras]
cssselect = ["cssselect (>=0.7)"]
html5 = ["html5lib"]
htmlsoup = ["BeautifulSoup4"]
source = ["Cython (>=0.26.1)"]

[[package]]
name = "more-itertools"
version = "4.3.0"
description = "More routines for operating on iterables, beyond itertools"
category = "dev"
optional = false
python-versions = "*"
files = [
    {file = "more-itertools-4.3.0.tar.gz", hash = "sha256:c476b5d3a34e12d40130bc2f935028b5f636df8f372dc2c1c01dc19681b2039e"},
    {file = "more_itertools-4.3.0-py2-none-any.whl", hash = "sha256:fcbfeaea0be121980e15bc97b3817b5202ca73d0eae185b4550cbfce2a3ebb3d"},
    {file = "more_itertools-4.3.0-py3-none-any.whl", hash = "sha256:c187a73da93e7a8acc0001572aebc7e3c69daf7bf6881a2cea10650bd4420092"},
]

[package.dependencies]
six = ">=1.0.0,<2.0.0"

[[package]]
name = "pluggy"
version = "0.8.0"
description = "plugin and hook calling mechanisms for python"
category = "dev"
optional = false
python-versions = ">=2.7, !=3.0.*, !=3.1.*, !=3.2.*, !=3.3.*"
files = [
    {file = "pluggy-0.8.0-py2.py3-none-any.whl", hash = "sha256:bde19360a8ec4dfd8a20dcb811780a30998101f078fc7ded6162f0076f50508f"},
    {file = "pluggy-0.8.0.tar.gz", hash = "sha256:447ba94990e8014ee25ec853339faf7b0fc8050cdc3289d4d71f7f410fb90095"},
]

[package.extras]
dev = ["pre-commit", "tox"]

[[package]]
name = "py"
version = "1.11.0"
description = "library with cross-python path, ini-parsing, io, code, log facilities"
category = "dev"
optional = false
python-versions = ">=2.7, !=3.0.*, !=3.1.*, !=3.2.*, !=3.3.*, !=3.4.*"
files = [
    {file = "py-1.11.0-py2.py3-none-any.whl", hash = "sha256:607c53218732647dff4acdfcd50cb62615cedf612e72d1724fb1a0cc6405b378"},
    {file = "py-1.11.0.tar.gz", hash = "sha256:51c75c4126074b472f746a24399ad32f6053d1b34b68d2fa41e558e6f4a98719"},
]

[[package]]
name = "pycares"
version = "2.3.0"
description = "Python interface for c-ares"
category = "main"
optional = false
python-versions = "*"
files = [
    {file = "pycares-2.3.0-cp27-cp27m-win32.whl", hash = "sha256:d8637bcc2f901aa61ec1d754abc862f9f145cb0346a0249360df4c159377018e"},
    {file = "pycares-2.3.0-cp27-cp27m-win_amd64.whl", hash = "sha256:b95b339c11d824f0bb789d31b91c8534916fcbdce248cccce216fa2630bb8a90"},
    {file = "pycares-2.3.0-cp27-cp27mu-manylinux1_i686.whl", hash = "sha256:3f288586592c697109b2b06e3988b7e17d9765887b5fc367010ee8500cbddc86"},
    {file = "pycares-2.3.0-cp27-cp27mu-manylinux1_x86_64.whl", hash = "sha256:8a39d03bd99ea191f86b990ef67ecce878d6bf6518c5cde9173fb34fb36beb5e"},
    {file = "pycares-2.3.0-cp33-cp33m-manylinux1_i686.whl", hash = "sha256:8ea263de8bf1a30b0d87150b4aa0e3203cf93bc1723ea3e7408a7d25e1299217"},
    {file = "pycares-2.3.0-cp33-cp33m-manylinux1_x86_64.whl", hash = "sha256:e72fa163f37ae3b09f143cc6690a36f012d13e905d142e1beed4ec0e593ff657"},
    {file = "pycares-2.3.0-cp33-cp33m-win32.whl", hash = "sha256:40134cee03c8bbfbc644d4c0bc81796e12dd012a5257fb146c5a5417812ee5f7"},
    {file = "pycares-2.3.0-cp33-cp33m-win_amd64.whl", hash = "sha256:e2446577eeea79d2179c9469d9d4ce3ab8a07d7985465c3cb91e7d74abc329b6"},
    {file = "pycares-2.3.0-cp34-cp34m-manylinux1_i686.whl", hash = "sha256:11c0ff3ccdb5a838cbd59a4e59df35d31355a80a61393bca786ca3b44569ba10"},
    {file = "pycares-2.3.0-cp34-cp34m-manylinux1_x86_64.whl", hash = "sha256:7b18fab0ed534a898552df91bc804bd62bb3a2646c11e054baca14d23663e1d6"},
    {file = "pycares-2.3.0-cp34-cp34m-win32.whl", hash = "sha256:722f5d2c5f78d47b13b0112f6daff43ce4e08e8152319524d14f1f917cc5125e"},
    {file = "pycares-2.3.0-cp34-cp34m-win_amd64.whl", hash = "sha256:bbfd9aba1e172cd2ab7b7142d49b28cf44d6451c4a66a870aff1dc3cb84849c7"},
    {file = "pycares-2.3.0-cp35-cp35m-manylinux1_i686.whl", hash = "sha256:f50be4dd53f009cfb4b98c3c6b240e18ff9b17e3f1c320bd594bb83eddabfcb2"},
    {file = "pycares-2.3.0-cp35-cp35m-manylinux1_x86_64.whl", hash = "sha256:943e2dc67ff45ab4c81d628c959837d01561d7e185080ab7a276b8ca67573fb5"},
    {file = "pycares-2.3.0-cp35-cp35m-win32.whl", hash = "sha256:3a2234516f7db495083d8bba0ccdaabae587e62cfcd1b8154d5d0b09d3a48dfc"},
    {file = "pycares-2.3.0-cp35-cp35m-win_amd64.whl", hash = "sha256:9d56a54c93e64b30c0d31f394d9890f175edec029cd846221728f99263cdee82"},
    {file = "pycares-2.3.0-cp36-cp36m-manylinux1_i686.whl", hash = "sha256:371ce688776da984c4105c8ca760cc60944b9b49ccf8335c71dc7669335e6173"},
    {file = "pycares-2.3.0-cp36-cp36m-manylinux1_x86_64.whl", hash = "sha256:0e81c971236bb0767354f1456e67ab6ae305f248565ce77cd413a311f9572bf5"},
    {file = "pycares-2.3.0-cp36-cp36m-win32.whl", hash = "sha256:f32b7c63094749fbc0c1106c9a785666ec8afd49ecfe7002a30bb7c42e62b47c"},
    {file = "pycares-2.3.0-cp36-cp36m-win_amd64.whl", hash = "sha256:170d62bd300999227e64da4fa85459728cc96e62e44780bbc86a915fdae01f78"},
    {file = "pycares-2.3.0.tar.gz", hash = "sha256:36f4c03df57c41a87eb3d642201684eb5a8bc194f4bafaa9f60ee6dc0aef8e40"},
]

[[package]]
name = "pytest"
version = "3.9.1"
description = "pytest: simple powerful testing with Python"
category = "dev"
optional = false
python-versions = ">=2.7, !=3.0.*, !=3.1.*, !=3.2.*, !=3.3.*"
files = [
    {file = "pytest-3.9.1-py2.py3-none-any.whl", hash = "sha256:10e59f84267370ab20cec9305bafe7505ba4d6b93ecbf66a1cce86193ed511d5"},
    {file = "pytest-3.9.1.tar.gz", hash = "sha256:8c827e7d4816dfe13e9329c8226aef8e6e75d65b939bc74fda894143b6d1df59"},
]

[package.dependencies]
atomicwrites = ">=1.0"
attrs = ">=17.4.0"
colorama = {version = "*", markers = "sys_platform == \"win32\""}
more-itertools = ">=4.0.0"
pluggy = ">=0.7"
py = ">=1.5.0"
setuptools = "*"
six = ">=1.10.0"

[[package]]
name = "pytest-sugar"
version = "0.9.1"
description = "py.test is a plugin for py.test that changes the default look and feel of py.test (e.g. progressbar, show tests that fail instantly)."
category = "dev"
optional = false
python-versions = "*"
files = [
    {file = "pytest-sugar-0.9.1.tar.gz", hash = "sha256:ab8cc42faf121344a4e9b13f39a51257f26f410e416c52ea11078cdd00d98a2c"},
]

[package.dependencies]
pytest = ">=2.9"
termcolor = ">=1.1.0"

[[package]]
name = "python-slugify"
version = "1.2.6"
description = "A Python Slugify application that handles Unicode"
category = "main"
optional = false
python-versions = "*"
files = [
    {file = "python-slugify-1.2.6.tar.gz", hash = "sha256:7723daf30996db26573176bddcdf5fcb98f66dc70df05c9cb29f2c79b8193245"},
]

[package.dependencies]
Unidecode = ">=0.04.16"

[[package]]
name = "rfc3986"
version = "1.5.0"
description = "Validating URI References per RFC 3986"
category = "main"
optional = false
python-versions = "*"
files = [
    {file = "rfc3986-1.5.0-py2.py3-none-any.whl", hash = "sha256:a86d6e1f5b1dc238b218b012df0aa79409667bb209e58da56d0b94704e712a97"},
    {file = "rfc3986-1.5.0.tar.gz", hash = "sha256:270aaf10d87d0d4e095063c65bf3ddbc6ee3d0b226328ce21e036f946e421835"},
]

[package.dependencies]
idna = {version = "*", optional = true, markers = "extra == \"idna2008\""}

[package.extras]
idna2008 = ["idna"]

[[package]]
name = "setuptools"
version = "59.6.0"
description = "Easily download, build, install, upgrade, and uninstall Python packages"
category = "dev"
optional = false
python-versions = ">=3.6"
files = [
    {file = "setuptools-59.6.0-py3-none-any.whl", hash = "sha256:4ce92f1e1f8f01233ee9952c04f6b81d1e02939d6e1b488428154974a4d0783e"},
    {file = "setuptools-59.6.0.tar.gz", hash = "sha256:22c7348c6d2976a52632c67f7ab0cdf40147db7789f9aed18734643fe9cf3373"},
]

[package.extras]
docs = ["furo", "jaraco.packaging (>=8.2)", "jaraco.tidelift (>=1.4)", "pygments-github-lexers (==0.0.5)", "rst.linker (>=1.9)", "sphinx", "sphinx-inline-tabs", "sphinxcontrib-towncrier"]
testing = ["flake8-2020", "jaraco.envs (>=2.2)", "jaraco.path (>=3.2.0)", "mock", "paver", "pip (>=19.1)", "pytest (>=6)", "pytest-black (>=0.3.7)", "pytest-checkdocs (>=2.4)", "pytest-cov", "pytest-enabler (>=1.0.1)", "pytest-flake8", "pytest-mypy", "pytest-virtualenv (>=1.2.7)", "pytest-xdist", "sphinx", "virtualenv (>=13.0.0)", "wheel"]

[[package]]
name = "six"
version = "1.11.0"
description = "Python 2 and 3 compatibility utilities"
category = "dev"
optional = false
python-versions = "*"
files = [
    {file = "six-1.11.0-py2.py3-none-any.whl", hash = "sha256:832dc0e10feb1aa2c68dcc57dbb658f1c7e65b9b61af69048abc87a2db00a0eb"},
    {file = "six-1.11.0.tar.gz", hash = "sha256:70e8a77beed4562e7f14fe23a786b54f6296e34344c23bc42f07b15018ff98e9"},
]

[[package]]
name = "sniffio"
version = "1.2.0"
description = "Sniff out which async library your code is running under"
category = "main"
optional = false
python-versions = ">=3.5"
files = [
    {file = "sniffio-1.2.0-py3-none-any.whl", hash = "sha256:471b71698eac1c2112a40ce2752bb2f4a4814c22a54a3eed3676bc0f5ca9f663"},
    {file = "sniffio-1.2.0.tar.gz", hash = "sha256:c4666eecec1d3f50960c6bdf61ab7bc350648da6c126e3cf6898d8cd4ddcd3de"},
]

[package.dependencies]
contextvars = {version = ">=2.1", markers = "python_version < \"3.7\""}

[[package]]
name = "termcolor"
version = "1.1.0"
description = "ANSII Color formatting for output in terminal."
category = "dev"
optional = false
python-versions = "*"
files = [
    {file = "termcolor-1.1.0.tar.gz", hash = "sha256:1d6d69ce66211143803fbc56652b41d73b4a400a2891d7bf7a1cdf4c02de613b"},
]

[[package]]
name = "toml"
version = "0.10.0"
description = "Python Library for Tom's Obvious, Minimal Language"
category = "dev"
optional = false
python-versions = "*"
files = [
    {file = "toml-0.10.0-py2.py3-none-any.whl", hash = "sha256:235682dd292d5899d361a811df37e04a8828a5b1da3115886b73cf81ebc9100e"},
    {file = "toml-0.10.0.tar.gz", hash = "sha256:229f81c57791a41d65e399fc06bf0848bab550a9dfd5ed66df18ce5f05e73d5c"},
]

[[package]]
name = "unidecode"
version = "1.0.22"
description = "ASCII transliterations of Unicode text"
category = "main"
optional = false
python-versions = "*"
files = [
    {file = "Unidecode-1.0.22-py2.py3-none-any.whl", hash = "sha256:72f49d3729f3d8f5799f710b97c1451c5163102e76d64d20e170aedbbd923582"},
    {file = "Unidecode-1.0.22.tar.gz", hash = "sha256:8c33dd588e0c9bc22a76eaa0c715a5434851f726131bd44a6c26471746efabf5"},
]

[metadata]
lock-version = "2.0"
python-versions = ">=3.6"
content-hash = "72c73de05151296c2823240a70f7245333c749a609fe1dd8fd3bcd473b71e4eb"
